
Microsoft Visual Studio Solution File, Format Version 12.00
# Visual Studio 15
VisualStudioVersion = 15.0.28307.852
MinimumVisualStudioVersion = 10.0.40219.1
Project("{8BC9CEB8-8B4A-11D0-8D11-00A0C91BC942}") = "Project72", "Project72\Project72.vcxproj", "{F7E74E69-C7B7-4A58-88CA-86D3525904A1}"
EndProject
Global
	GlobalSection(SolutionConfigurationPlatforms) = preSolution
		Debug|x64 = Debug|x64
		Debug|x86 = Debug|x86
		Release|x64 = Release|x64
		Release|x86 = Release|x86
	EndGlobalSection
	GlobalSection(ProjectConfigurationPlatforms) = postSolution
		{F7E74E69-C7B7-4A58-88CA-86D3525904A1}.Debug|x64.ActiveCfg = Debug|x64
		{F7E74E69-C7B7-4A58-88CA-86D3525904A1}.Debug|x64.Build.0 = Debug|x64
		{F7E74E69-C7B7-4A58-88CA-86D3525904A1}.Debug|x86.ActiveCfg = Debug|Win32
		{F7E74E69-C7B7-4A58-88CA-86D3525904A1}.Debug|x86.Build.0 = Debug|Win32
		{F7E74E69-C7B7-4A58-88CA-86D3525904A1}.Release|x64.ActiveCfg = Release|x64
		{F7E74E69-C7B7-4A58-88CA-86D3525904A1}.Release|x64.Build.0 = Release|x64
		{F7E74E69-C7B7-4A58-88CA-86D3525904A1}.Release|x86.ActiveCfg = Release|Win32
		{F7E74E69-C7B7-4A58-88CA-86D3525904A1}.Release|x86.Build.0 = Release|Win32
	EndGlobalSection
	GlobalSection(SolutionProperties) = preSolution
		HideSolutionNode = FALSE
	EndGlobalSection
	GlobalSection(ExtensibilityGlobals) = postSolution
		SolutionGuid = {42FA0F9E-B2F8-47AF-AF6A-85136673F976}
	EndGlobalSection
EndGlobal
