
Microsoft Visual Studio Solution File, Format Version 12.00
# Visual Studio 15
VisualStudioVersion = 15.0.28307.852
MinimumVisualStudioVersion = 10.0.40219.1
Project("{8BC9CEB8-8B4A-11D0-8D11-00A0C91BC942}") = "Quiz3_3", "Quiz3_3\Quiz3_3.vcxproj", "{E44386E5-6F91-48D5-8943-16440937599F}"
EndProject
Global
	GlobalSection(SolutionConfigurationPlatforms) = preSolution
		Debug|x64 = Debug|x64
		Debug|x86 = Debug|x86
		Release|x64 = Release|x64
		Release|x86 = Release|x86
	EndGlobalSection
	GlobalSection(ProjectConfigurationPlatforms) = postSolution
		{E44386E5-6F91-48D5-8943-16440937599F}.Debug|x64.ActiveCfg = Debug|x64
		{E44386E5-6F91-48D5-8943-16440937599F}.Debug|x64.Build.0 = Debug|x64
		{E44386E5-6F91-48D5-8943-16440937599F}.Debug|x86.ActiveCfg = Debug|Win32
		{E44386E5-6F91-48D5-8943-16440937599F}.Debug|x86.Build.0 = Debug|Win32
		{E44386E5-6F91-48D5-8943-16440937599F}.Release|x64.ActiveCfg = Release|x64
		{E44386E5-6F91-48D5-8943-16440937599F}.Release|x64.Build.0 = Release|x64
		{E44386E5-6F91-48D5-8943-16440937599F}.Release|x86.ActiveCfg = Release|Win32
		{E44386E5-6F91-48D5-8943-16440937599F}.Release|x86.Build.0 = Release|Win32
	EndGlobalSection
	GlobalSection(SolutionProperties) = preSolution
		HideSolutionNode = FALSE
	EndGlobalSection
	GlobalSection(ExtensibilityGlobals) = postSolution
		SolutionGuid = {38389F04-5519-4545-A882-8AB6AAAC833B}
	EndGlobalSection
EndGlobal
