
Microsoft Visual Studio Solution File, Format Version 12.00
# Visual Studio 15
VisualStudioVersion = 15.0.28307.852
MinimumVisualStudioVersion = 10.0.40219.1
Project("{8BC9CEB8-8B4A-11D0-8D11-00A0C91BC942}") = "Project55", "Project55\Project55.vcxproj", "{353B2FB6-1DB2-4420-8478-E2093BCE959B}"
EndProject
Global
	GlobalSection(SolutionConfigurationPlatforms) = preSolution
		Debug|x64 = Debug|x64
		Debug|x86 = Debug|x86
		Release|x64 = Release|x64
		Release|x86 = Release|x86
	EndGlobalSection
	GlobalSection(ProjectConfigurationPlatforms) = postSolution
		{353B2FB6-1DB2-4420-8478-E2093BCE959B}.Debug|x64.ActiveCfg = Debug|x64
		{353B2FB6-1DB2-4420-8478-E2093BCE959B}.Debug|x64.Build.0 = Debug|x64
		{353B2FB6-1DB2-4420-8478-E2093BCE959B}.Debug|x86.ActiveCfg = Debug|Win32
		{353B2FB6-1DB2-4420-8478-E2093BCE959B}.Debug|x86.Build.0 = Debug|Win32
		{353B2FB6-1DB2-4420-8478-E2093BCE959B}.Release|x64.ActiveCfg = Release|x64
		{353B2FB6-1DB2-4420-8478-E2093BCE959B}.Release|x64.Build.0 = Release|x64
		{353B2FB6-1DB2-4420-8478-E2093BCE959B}.Release|x86.ActiveCfg = Release|Win32
		{353B2FB6-1DB2-4420-8478-E2093BCE959B}.Release|x86.Build.0 = Release|Win32
	EndGlobalSection
	GlobalSection(SolutionProperties) = preSolution
		HideSolutionNode = FALSE
	EndGlobalSection
	GlobalSection(ExtensibilityGlobals) = postSolution
		SolutionGuid = {9B905D8F-EDC7-4534-9624-437EA79AFAE3}
	EndGlobalSection
EndGlobal
