
Microsoft Visual Studio Solution File, Format Version 12.00
# Visual Studio 15
VisualStudioVersion = 15.0.28307.852
MinimumVisualStudioVersion = 10.0.40219.1
Project("{8BC9CEB8-8B4A-11D0-8D11-00A0C91BC942}") = "Project40", "Project40\Project40.vcxproj", "{9885D16B-2E5B-4DB8-8D5C-16E69BD6681D}"
EndProject
Global
	GlobalSection(SolutionConfigurationPlatforms) = preSolution
		Debug|x64 = Debug|x64
		Debug|x86 = Debug|x86
		Release|x64 = Release|x64
		Release|x86 = Release|x86
	EndGlobalSection
	GlobalSection(ProjectConfigurationPlatforms) = postSolution
		{9885D16B-2E5B-4DB8-8D5C-16E69BD6681D}.Debug|x64.ActiveCfg = Debug|x64
		{9885D16B-2E5B-4DB8-8D5C-16E69BD6681D}.Debug|x64.Build.0 = Debug|x64
		{9885D16B-2E5B-4DB8-8D5C-16E69BD6681D}.Debug|x86.ActiveCfg = Debug|Win32
		{9885D16B-2E5B-4DB8-8D5C-16E69BD6681D}.Debug|x86.Build.0 = Debug|Win32
		{9885D16B-2E5B-4DB8-8D5C-16E69BD6681D}.Release|x64.ActiveCfg = Release|x64
		{9885D16B-2E5B-4DB8-8D5C-16E69BD6681D}.Release|x64.Build.0 = Release|x64
		{9885D16B-2E5B-4DB8-8D5C-16E69BD6681D}.Release|x86.ActiveCfg = Release|Win32
		{9885D16B-2E5B-4DB8-8D5C-16E69BD6681D}.Release|x86.Build.0 = Release|Win32
	EndGlobalSection
	GlobalSection(SolutionProperties) = preSolution
		HideSolutionNode = FALSE
	EndGlobalSection
	GlobalSection(ExtensibilityGlobals) = postSolution
		SolutionGuid = {F24E0297-D5A3-4DEB-B838-6EBCB1D62A79}
	EndGlobalSection
EndGlobal
